
Microsoft Visual Studio Solution File, Format Version 12.00
# Visual Studio 15
VisualStudioVersion = 15.0.28010.2050
MinimumVisualStudioVersion = 10.0.40219.1
Project("{FAE04EC0-301F-11D3-BF4B-00C04F79EFBC}") = "BinaryTree", "BinaryTree\BinaryTree.csproj", "{FD354F62-8E02-42E1-9FA7-414F43218260}"
EndProject
Global
	GlobalSection(SolutionConfigurationPlatforms) = preSolution
		Debug|Any CPU = Debug|Any CPU
		Release|Any CPU = Release|Any CPU
	EndGlobalSection
	GlobalSection(ProjectConfigurationPlatforms) = postSolution
		{FD354F62-8E02-42E1-9FA7-414F43218260}.Debug|Any CPU.ActiveCfg = Debug|Any CPU
		{FD354F62-8E02-42E1-9FA7-414F43218260}.Debug|Any CPU.Build.0 = Debug|Any CPU
		{FD354F62-8E02-42E1-9FA7-414F43218260}.Release|Any CPU.ActiveCfg = Release|Any CPU
		{FD354F62-8E02-42E1-9FA7-414F43218260}.Release|Any CPU.Build.0 = Release|Any CPU
	EndGlobalSection
	GlobalSection(SolutionProperties) = preSolution
		HideSolutionNode = FALSE
	EndGlobalSection
	GlobalSection(ExtensibilityGlobals) = postSolution
		SolutionGuid = {58D9DD92-63FA-4EC9-A82C-4AEB5A5974CD}
	EndGlobalSection
EndGlobal
