
Microsoft Visual Studio Solution File, Format Version 12.00
# Visual Studio 15
VisualStudioVersion = 15.0.28010.2003
MinimumVisualStudioVersion = 10.0.40219.1
Project("{FAE04EC0-301F-11D3-BF4B-00C04F79EFBC}") = "EXAM - pares", "EXAM - pares\EXAM - pares.csproj", "{912E83C2-6842-4EE9-B9A7-49ED50BF080C}"
EndProject
Global
	GlobalSection(SolutionConfigurationPlatforms) = preSolution
		Debug|Any CPU = Debug|Any CPU
		Release|Any CPU = Release|Any CPU
	EndGlobalSection
	GlobalSection(ProjectConfigurationPlatforms) = postSolution
		{912E83C2-6842-4EE9-B9A7-49ED50BF080C}.Debug|Any CPU.ActiveCfg = Debug|Any CPU
		{912E83C2-6842-4EE9-B9A7-49ED50BF080C}.Debug|Any CPU.Build.0 = Debug|Any CPU
		{912E83C2-6842-4EE9-B9A7-49ED50BF080C}.Release|Any CPU.ActiveCfg = Release|Any CPU
		{912E83C2-6842-4EE9-B9A7-49ED50BF080C}.Release|Any CPU.Build.0 = Release|Any CPU
	EndGlobalSection
	GlobalSection(SolutionProperties) = preSolution
		HideSolutionNode = FALSE
	EndGlobalSection
	GlobalSection(ExtensibilityGlobals) = postSolution
		SolutionGuid = {CCCB5EC0-AC8C-441B-B746-CC0EED12091D}
	EndGlobalSection
EndGlobal
