
Microsoft Visual Studio Solution File, Format Version 12.00
# Visual Studio 15
VisualStudioVersion = 15.0.28010.2050
MinimumVisualStudioVersion = 10.0.40219.1
Project("{FAE04EC0-301F-11D3-BF4B-00C04F79EFBC}") = "tokio", "tokio\tokio.csproj", "{4BD8542F-E311-4519-868B-D4EB5F65B50C}"
EndProject
Global
	GlobalSection(SolutionConfigurationPlatforms) = preSolution
		Debug|Any CPU = Debug|Any CPU
		Release|Any CPU = Release|Any CPU
	EndGlobalSection
	GlobalSection(ProjectConfigurationPlatforms) = postSolution
		{4BD8542F-E311-4519-868B-D4EB5F65B50C}.Debug|Any CPU.ActiveCfg = Debug|Any CPU
		{4BD8542F-E311-4519-868B-D4EB5F65B50C}.Debug|Any CPU.Build.0 = Debug|Any CPU
		{4BD8542F-E311-4519-868B-D4EB5F65B50C}.Release|Any CPU.ActiveCfg = Release|Any CPU
		{4BD8542F-E311-4519-868B-D4EB5F65B50C}.Release|Any CPU.Build.0 = Release|Any CPU
	EndGlobalSection
	GlobalSection(SolutionProperties) = preSolution
		HideSolutionNode = FALSE
	EndGlobalSection
	GlobalSection(ExtensibilityGlobals) = postSolution
		SolutionGuid = {27BB848D-A061-4958-B9A8-CAED28B54783}
	EndGlobalSection
EndGlobal
