
Microsoft Visual Studio Solution File, Format Version 12.00
# Visual Studio 15
VisualStudioVersion = 15.0.28010.2003
MinimumVisualStudioVersion = 10.0.40219.1
Project("{FAE04EC0-301F-11D3-BF4B-00C04F79EFBC}") = "MP - don chapo", "MP - don chapo\MP - don chapo.csproj", "{C6EBA27E-2864-4EC7-85A8-ADBD9E9141CE}"
EndProject
Global
	GlobalSection(SolutionConfigurationPlatforms) = preSolution
		Debug|Any CPU = Debug|Any CPU
		Release|Any CPU = Release|Any CPU
	EndGlobalSection
	GlobalSection(ProjectConfigurationPlatforms) = postSolution
		{C6EBA27E-2864-4EC7-85A8-ADBD9E9141CE}.Debug|Any CPU.ActiveCfg = Debug|Any CPU
		{C6EBA27E-2864-4EC7-85A8-ADBD9E9141CE}.Debug|Any CPU.Build.0 = Debug|Any CPU
		{C6EBA27E-2864-4EC7-85A8-ADBD9E9141CE}.Release|Any CPU.ActiveCfg = Release|Any CPU
		{C6EBA27E-2864-4EC7-85A8-ADBD9E9141CE}.Release|Any CPU.Build.0 = Release|Any CPU
	EndGlobalSection
	GlobalSection(SolutionProperties) = preSolution
		HideSolutionNode = FALSE
	EndGlobalSection
	GlobalSection(ExtensibilityGlobals) = postSolution
		SolutionGuid = {024B3FAD-8AA5-49F1-BE26-A079903E67F1}
	EndGlobalSection
EndGlobal
